
Microsoft Visual Studio Solution File, Format Version 12.00
# Visual Studio Version 16
VisualStudioVersion = 16.0.31729.503
MinimumVisualStudioVersion = 10.0.40219.1
Project("{FAE04EC0-301F-11D3-BF4B-00C04F79EFBC}") = "fatorial", "fatorial\fatorial.csproj", "{BA80B56E-66E2-4930-8300-6B3FBF5F7A6D}"
EndProject
Global
	GlobalSection(SolutionConfigurationPlatforms) = preSolution
		Debug|Any CPU = Debug|Any CPU
		Release|Any CPU = Release|Any CPU
	EndGlobalSection
	GlobalSection(ProjectConfigurationPlatforms) = postSolution
		{BA80B56E-66E2-4930-8300-6B3FBF5F7A6D}.Debug|Any CPU.ActiveCfg = Debug|Any CPU
		{BA80B56E-66E2-4930-8300-6B3FBF5F7A6D}.Debug|Any CPU.Build.0 = Debug|Any CPU
		{BA80B56E-66E2-4930-8300-6B3FBF5F7A6D}.Release|Any CPU.ActiveCfg = Release|Any CPU
		{BA80B56E-66E2-4930-8300-6B3FBF5F7A6D}.Release|Any CPU.Build.0 = Release|Any CPU
	EndGlobalSection
	GlobalSection(SolutionProperties) = preSolution
		HideSolutionNode = FALSE
	EndGlobalSection
	GlobalSection(ExtensibilityGlobals) = postSolution
		SolutionGuid = {A46B9FEA-0C98-4CEA-AA7B-77BEFFB84710}
	EndGlobalSection
EndGlobal
